
Microsoft Visual Studio Solution File, Format Version 12.00
# Visual Studio Version 17
VisualStudioVersion = 17.6.33815.320
MinimumVisualStudioVersion = 10.0.40219.1
Project("{FAE04EC0-301F-11D3-BF4B-00C04F79EFBC}") = "EjercicioPolimorfismo", "EjercicioPolimorfismo.csproj", "{6F24BC95-1B8E-4A79-8FEB-A3C5EBBFDDFD}"
EndProject
Global
	GlobalSection(SolutionConfigurationPlatforms) = preSolution
		Debug|Any CPU = Debug|Any CPU
		Release|Any CPU = Release|Any CPU
	EndGlobalSection
	GlobalSection(ProjectConfigurationPlatforms) = postSolution
		{6F24BC95-1B8E-4A79-8FEB-A3C5EBBFDDFD}.Debug|Any CPU.ActiveCfg = Debug|Any CPU
		{6F24BC95-1B8E-4A79-8FEB-A3C5EBBFDDFD}.Debug|Any CPU.Build.0 = Debug|Any CPU
		{6F24BC95-1B8E-4A79-8FEB-A3C5EBBFDDFD}.Release|Any CPU.ActiveCfg = Release|Any CPU
		{6F24BC95-1B8E-4A79-8FEB-A3C5EBBFDDFD}.Release|Any CPU.Build.0 = Release|Any CPU
	EndGlobalSection
	GlobalSection(SolutionProperties) = preSolution
		HideSolutionNode = FALSE
	EndGlobalSection
	GlobalSection(ExtensibilityGlobals) = postSolution
		SolutionGuid = {0F2EE1FF-CA1D-4642-95EF-F36297A7265C}
	EndGlobalSection
EndGlobal
